{
  "name": "samBuy",
  "version": "1.0.0",
  "lockfileVersion": 1,
  "requires": true,
  "dependencies": {
    "axios": {
      "version": "0.26.1",
      "resolved": "http://registry.npm.release.ctripcorp.com/axios/download/axios-0.26.1.tgz",
      "integrity": "sha1-Ht5BxR/PUbu9b9Q2acqqTwSVqqk=",
      "requires": {
        "follow-redirects": "^1.14.8"
      }
    },
    "follow-redirects": {
      "version": "1.14.9",
      "resolved": "http://registry.npm.release.ctripcorp.com/follow-redirects/download/follow-redirects-1.14.9.tgz",
      "integrity": "sha1-3U6hV957+vnqmz+9haoWlR942Nc="
    }
  }
}
